
Microsoft Visual Studio Solution File, Format Version 12.00
# Visual Studio 15
VisualStudioVersion = 15.0.25928.0
MinimumVisualStudioVersion = 10.0.40219.1
Project("{FAE04EC0-301F-11D3-BF4B-00C04F79EFBC}") = "SourieCSharp", "SourieWebservice\SourieCSharp.csproj", "{9F170F11-6522-46BA-96B2-E4CD439EE791}"
EndProject
Project("{FAE04EC0-301F-11D3-BF4B-00C04F79EFBC}") = "SourieCSharp.AppDesktop", "AppDesktop\SourieCSharp.AppDesktop.csproj", "{164A5A52-D108-4661-8931-B9E6833DED81}"
EndProject
Global
	GlobalSection(SolutionConfigurationPlatforms) = preSolution
		Debug|Any CPU = Debug|Any CPU
		Release|Any CPU = Release|Any CPU
	EndGlobalSection
	GlobalSection(ProjectConfigurationPlatforms) = postSolution
		{9F170F11-6522-46BA-96B2-E4CD439EE791}.Debug|Any CPU.ActiveCfg = Debug|Any CPU
		{9F170F11-6522-46BA-96B2-E4CD439EE791}.Debug|Any CPU.Build.0 = Debug|Any CPU
		{9F170F11-6522-46BA-96B2-E4CD439EE791}.Release|Any CPU.ActiveCfg = Release|Any CPU
		{9F170F11-6522-46BA-96B2-E4CD439EE791}.Release|Any CPU.Build.0 = Release|Any CPU
		{164A5A52-D108-4661-8931-B9E6833DED81}.Debug|Any CPU.ActiveCfg = Debug|Any CPU
		{164A5A52-D108-4661-8931-B9E6833DED81}.Debug|Any CPU.Build.0 = Debug|Any CPU
		{164A5A52-D108-4661-8931-B9E6833DED81}.Release|Any CPU.ActiveCfg = Release|Any CPU
		{164A5A52-D108-4661-8931-B9E6833DED81}.Release|Any CPU.Build.0 = Release|Any CPU
	EndGlobalSection
	GlobalSection(SolutionProperties) = preSolution
		HideSolutionNode = FALSE
	EndGlobalSection
EndGlobal
